{
  "name": "serverlessapivercelsongs",
  "version": "1.0.0",
  "lockfileVersion": 1,
  "requires": true,
  "dependencies": {
    "axios": {
      "version": "0.20.0",
      "resolved": "https://registry.npmjs.org/axios/-/axios-0.20.0.tgz",
      "integrity": "sha512-ANA4rr2BDcmmAQLOKft2fufrtuvlqR+cXNNinUmvfeSNCOF98PZL+7M/v1zIdGo7OLjEA9J2gXJL+j4zGsl0bA==",
      "requires": {
        "follow-redirects": "^1.10.0"
      }
    },
    "follow-redirects": {
      "version": "1.13.0",
      "resolved": "https://registry.npmjs.org/follow-redirects/-/follow-redirects-1.13.0.tgz",
      "integrity": "sha512-aq6gF1BEKje4a9i9+5jimNFIpq4Q1WiwBToeRK5NvZBd/TRsmW8BsJfOEGkr76TbOyPVD3OVDN910EcUNtRYEA=="
    },
    "genius-lyrics": {
      "version": "4.0.0",
      "resolved": "https://registry.npmjs.org/genius-lyrics/-/genius-lyrics-4.0.0.tgz",
      "integrity": "sha512-ylAdZIg3WBodDCaHcu270MkDo4C/77ldRoJPS8QTsK+OMgRpH36xnICjvicy9WbQU2VLMQmzbEGv39p6oXYJCw==",
      "requires": {
        "axios": "^0.20.0",
        "node-html-parser": "^1.2.20"
      }
    },
    "he": {
      "version": "1.2.0",
      "resolved": "https://registry.npmjs.org/he/-/he-1.2.0.tgz",
      "integrity": "sha512-F/1DnUGPopORZi0ni+CvrCgHQ5FyEAHRLSApuYWMmrbSwoN2Mn/7k+Gl38gJnR7yyDZk6WLXwiGod1JOWNDKGw=="
    },
    "node-html-parser": {
      "version": "1.4.2",
      "resolved": "https://registry.npmjs.org/node-html-parser/-/node-html-parser-1.4.2.tgz",
      "integrity": "sha512-Vpau3BwNoJZFBshIUbceT1SYPYAxlPOawbn2xXneMjQd4G+Qu4BQ2+gFiENQ4Dr2fI/j2iCC45P//qBtfkdZGg==",
      "requires": {
        "he": "1.2.0"
      }
    }
  }
}
